Microsoft Visual Studio Solution File, Format Version 12.00
# Visual Studio Version 17
VisualStudioVersion = 17.0.31903.59
MinimumVisualStudioVersion = 10.0.40219.1
Project("{FAE04EC0-301F-11D3-BF4B-00C04F79EFBC}") = "SelectionTranslator", "src\SelectionTranslator\SelectionTranslator.csproj", "{7B8E0CE2-1D56-4AB7-A7C8-76E65A8D1BE5}"
EndProject
Global
	GlobalSection(SolutionConfigurationPlatforms) = preSolution
		Debug|Any CPU = Debug|Any CPU
		Release|Any CPU = Release|Any CPU
	EndGlobalSection
	GlobalSection(ProjectConfigurationPlatforms) = postSolution
		{7B8E0CE2-1D56-4AB7-A7C8-76E65A8D1BE5}.Debug|Any CPU.ActiveCfg = Debug|AnyCPU
		{7B8E0CE2-1D56-4AB7-A7C8-76E65A8D1BE5}.Debug|Any CPU.Build.0 = Debug|AnyCPU
		{7B8E0CE2-1D56-4AB7-A7C8-76E65A8D1BE5}.Release|Any CPU.ActiveCfg = Release|AnyCPU
		{7B8E0CE2-1D56-4AB7-A7C8-76E65A8D1BE5}.Release|Any CPU.Build.0 = Release|AnyCPU
	EndGlobalSection
EndGlobal
